// !$*UTF8*$!
{
	archiveVersion = 1;
	classes = {
	};
	objectVersion = 46;
	objects = {

/* Begin PBXBuildFile section */
		54243DE21D2EE37B00D52103 /* main.m in Sources */ = {isa = PBXBuildFile; fileRef = 54243DE11D2EE37B00D52103 /* main.m */; };
		54243DE51D2EE37B00D52103 /* AppDelegate.m in Sources */ = {isa = PBXBuildFile; fileRef = 54243DE41D2EE37B00D52103 /* AppDelegate.m */; };
		54243DEB1D2EE37B00D52103 /* Main.storyboard in Resources */ = {isa = PBXBuildFile; fileRef = 54243DE91D2EE37B00D52103 /* Main.storyboard */; };
		54243DED1D2EE37B00D52103 /* Assets.xcassets in Resources */ = {isa = PBXBuildFile; fileRef = 54243DEC1D2EE37B00D52103 /* Assets.xcassets */; };
		54243DFB1D2EE37B00D52103 /* WeatherAppTests.m in Sources */ = {isa = PBXBuildFile; fileRef = 54243DFA1D2EE37B00D52103 /* WeatherAppTests.m */; };
		54243E061D2EE37B00D52103 /* WeatherAppUITests.m in Sources */ = {isa = PBXBuildFile; fileRef = 54243E051D2EE37B00D52103 /* WeatherAppUITests.m */; };
		5443CC2F1D34099A0021C881 /* Places.m in Sources */ = {isa = PBXBuildFile; fileRef = 5443CC2E1D34099A0021C881 /* Places.m */; };
		5443CC321D3412D40021C881 /* SearchTableViewController.m in Sources */ = {isa = PBXBuildFile; fileRef = 5443CC311D3412D40021C881 /* SearchTableViewController.m */; };
		544F570B1D32DC3A00ABE53D /* MBProgressHUD.m in Sources */ = {isa = PBXBuildFile; fileRef = 544F570A1D32DC3A00ABE53D /* MBProgressHUD.m */; };
		544F570F1D32DC7500ABE53D /* BasicViewController.m in Sources */ = {isa = PBXBuildFile; fileRef = 544F570E1D32DC7500ABE53D /* BasicViewController.m */; };
		544F57121D32EA2300ABE53D /* Place.m in Sources */ = {isa = PBXBuildFile; fileRef = 544F57111D32EA2300ABE53D /* Place.m */; };
		54C6B3301D30FFD2008EE5AA /* WXCondition.m in Sources */ = {isa = PBXBuildFile; fileRef = 54C6B32D1D30FFD2008EE5AA /* WXCondition.m */; };
		54C6B3311D30FFD3008EE5AA /* WXDailyForecast.m in Sources */ = {isa = PBXBuildFile; fileRef = 54C6B32F1D30FFD2008EE5AA /* WXDailyForecast.m */; };
		54C6B3371D310001008EE5AA /* WXClient.m in Sources */ = {isa = PBXBuildFile; fileRef = 54C6B3341D310001008EE5AA /* WXClient.m */; };
		54C6B3381D310001008EE5AA /* WXManager.m in Sources */ = {isa = PBXBuildFile; fileRef = 54C6B3361D310001008EE5AA /* WXManager.m */; };
		54C6B33B1D31016C008EE5AA /* WeatherContentController.m in Sources */ = {isa = PBXBuildFile; fileRef = 54C6B33A1D31016C008EE5AA /* WeatherContentController.m */; };
		54C6B3491D310881008EE5AA /* WeatherApp.xcworkspace in Frameworks */ = {isa = PBXBuildFile; fileRef = 54C6B3481D310881008EE5AA /* WeatherApp.xcworkspace */; };
		54C6B34B1D310CB6008EE5AA /* UIKit.framework in Frameworks */ = {isa = PBXBuildFile; fileRef = 54C6B34A1D310CB6008EE5AA /* UIKit.framework */; };
		54C6B34D1D310CC3008EE5AA /* CoreLocation.framework in Frameworks */ = {isa = PBXBuildFile; fileRef = 54C6B34C1D310CC3008EE5AA /* CoreLocation.framework */; };
		54C6B34F1D310D3B008EE5AA /* Foundation.framework in Frameworks */ = {isa = PBXBuildFile; fileRef = 54C6B34E1D310D3B008EE5AA /* Foundation.framework */; };
		54C6B36C1D3110B5008EE5AA /* bg.png in Resources */ = {isa = PBXBuildFile; fileRef = 54C6B3511D3110B5008EE5AA /* bg.png */; };
		54C6B36D1D3110B5008EE5AA /* bg@2x.png in Resources */ = {isa = PBXBuildFile; fileRef = 54C6B3521D3110B5008EE5AA /* bg@2x.png */; };
		54C6B36E1D3110B5008EE5AA /* weather-broken.png in Resources */ = {isa = PBXBuildFile; fileRef = 54C6B3541D3110B5008EE5AA /* weather-broken.png */; };
		54C6B36F1D3110B5008EE5AA /* weather-broken@2x.png in Resources */ = {isa = PBXBuildFile; fileRef = 54C6B3551D3110B5008EE5AA /* weather-broken@2x.png */; };
		54C6B3701D3110B5008EE5AA /* weather-clear.png in Resources */ = {isa = PBXBuildFile; fileRef = 54C6B3561D3110B5008EE5AA /* weather-clear.png */; };
		54C6B3711D3110B5008EE5AA /* weather-clear@2x.png in Resources */ = {isa = PBXBuildFile; fileRef = 54C6B3571D3110B5008EE5AA /* weather-clear@2x.png */; };
		54C6B3721D3110B5008EE5AA /* weather-few-night.png in Resources */ = {isa = PBXBuildFile; fileRef = 54C6B3581D3110B5008EE5AA /* weather-few-night.png */; };
		54C6B3731D3110B5008EE5AA /* weather-few-night@2x.png in Resources */ = {isa = PBXBuildFile; fileRef = 54C6B3591D3110B5008EE5AA /* weather-few-night@2x.png */; };
		54C6B3741D3110B5008EE5AA /* weather-few.png in Resources */ = {isa = PBXBuildFile; fileRef = 54C6B35A1D3110B5008EE5AA /* weather-few.png */; };
		54C6B3751D3110B5008EE5AA /* weather-few@2x.png in Resources */ = {isa = PBXBuildFile; fileRef = 54C6B35B1D3110B5008EE5AA /* weather-few@2x.png */; };
		54C6B3761D3110B5008EE5AA /* weather-mist.png in Resources */ = {isa = PBXBuildFile; fileRef = 54C6B35C1D3110B5008EE5AA /* weather-mist.png */; };
		54C6B3771D3110B5008EE5AA /* weather-mist@2x.png in Resources */ = {isa = PBXBuildFile; fileRef = 54C6B35D1D3110B5008EE5AA /* weather-mist@2x.png */; };
		54C6B3781D3110B5008EE5AA /* weather-moon.png in Resources */ = {isa = PBXBuildFile; fileRef = 54C6B35E1D3110B5008EE5AA /* weather-moon.png */; };
		54C6B3791D3110B5008EE5AA /* weather-moon@2x.png in Resources */ = {isa = PBXBuildFile; fileRef = 54C6B35F1D3110B5008EE5AA /* weather-moon@2x.png */; };
		54C6B37A1D3110B5008EE5AA /* weather-rain-night.png in Resources */ = {isa = PBXBuildFile; fileRef = 54C6B3601D3110B5008EE5AA /* weather-rain-night.png */; };
		54C6B37B1D3110B5008EE5AA /* weather-rain-night@2x.png in Resources */ = {isa = PBXBuildFile; fileRef = 54C6B3611D3110B5008EE5AA /* weather-rain-night@2x.png */; };
		54C6B37C1D3110B5008EE5AA /* weather-rain.png in Resources */ = {isa = PBXBuildFile; fileRef = 54C6B3621D3110B5008EE5AA /* weather-rain.png */; };
		54C6B37D1D3110B5008EE5AA /* weather-rain@2x.png in Resources */ = {isa = PBXBuildFile; fileRef = 54C6B3631D3110B5008EE5AA /* weather-rain@2x.png */; };
		54C6B37E1D3110B5008EE5AA /* weather-scattered.png in Resources */ = {isa = PBXBuildFile; fileRef = 54C6B3641D3110B5008EE5AA /* weather-scattered.png */; };
		54C6B37F1D3110B5008EE5AA /* weather-scattered@2x.png in Resources */ = {isa = PBXBuildFile; fileRef = 54C6B3651D3110B5008EE5AA /* weather-scattered@2x.png */; };
		54C6B3801D3110B5008EE5AA /* weather-shower.png in Resources */ = {isa = PBXBuildFile; fileRef = 54C6B3661D3110B5008EE5AA /* weather-shower.png */; };
		54C6B3811D3110B5008EE5AA /* weather-shower@2x.png in Resources */ = {isa = PBXBuildFile; fileRef = 54C6B3671D3110B5008EE5AA /* weather-shower@2x.png */; };
		54C6B3821D3110B5008EE5AA /* weather-snow.png in Resources */ = {isa = PBXBuildFile; fileRef = 54C6B3681D3110B5008EE5AA /* weather-snow.png */; };
		54C6B3831D3110B5008EE5AA /* weather-snow@2x.png in Resources */ = {isa = PBXBuildFile; fileRef = 54C6B3691D3110B5008EE5AA /* weather-snow@2x.png */; };
		54C6B3841D3110B5008EE5AA /* weather-tstorm.png in Resources */ = {isa = PBXBuildFile; fileRef = 54C6B36A1D3110B5008EE5AA /* weather-tstorm.png */; };
		54C6B3851D3110B5008EE5AA /* weather-tstorm@2x.png in Resources */ = {isa = PBXBuildFile; fileRef = 54C6B36B1D3110B5008EE5AA /* weather-tstorm@2x.png */; };
		54E988DD1D32547400C9863B /* Default-568h@2x.png in Resources */ = {isa = PBXBuildFile; fileRef = 54E988DC1D32547400C9863B /* Default-568h@2x.png */; };
		54E988E41D325C8D00C9863B /* AFNetworking.framework in Frameworks */ = {isa = PBXBuildFile; fileRef = 54E988DE1D325C8C00C9863B /* AFNetworking.framework */; };
		54E988E51D325C8D00C9863B /* HexColors.framework in Frameworks */ = {isa = PBXBuildFile; fileRef = 54E988DF1D325C8C00C9863B /* HexColors.framework */; };
		54E988E61D325C8D00C9863B /* LBBlurredImage.framework in Frameworks */ = {isa = PBXBuildFile; fileRef = 54E988E01D325C8C00C9863B /* LBBlurredImage.framework */; };
		54E988E71D325C8D00C9863B /* Mantle.framework in Frameworks */ = {isa = PBXBuildFile; fileRef = 54E988E11D325C8C00C9863B /* Mantle.framework */; };
		54E988E81D325C8D00C9863B /* ReactiveCocoa.framework in Frameworks */ = {isa = PBXBuildFile; fileRef = 54E988E21D325C8C00C9863B /* ReactiveCocoa.framework */; };
		54E988E91D325C8D00C9863B /* TSMessages.framework in Frameworks */ = {isa = PBXBuildFile; fileRef = 54E988E31D325C8D00C9863B /* TSMessages.framework */; };
		54E988EC1D326D2000C9863B /* SWRevealViewController.m in Sources */ = {isa = PBXBuildFile; fileRef = 54E988EB1D326D2000C9863B /* SWRevealViewController.m */; };
		54E988F01D32A54000C9863B /* MenuViewController.m in Sources */ = {isa = PBXBuildFile; fileRef = 54E988EF1D32A54000C9863B /* MenuViewController.m */; };
		633125776543007A1409616E /* Pods_WeatherApp.framework in Frameworks */ = {isa = PBXBuildFile; fileRef = 814492CDAA744492BBA982A0 /* Pods_WeatherApp.framework */; };
/* End PBXBuildFile section */

/* Begin PBXContainerItemProxy section */
		54243DF71D2EE37B00D52103 /* PBXContainerItemProxy */ = {
			isa = PBXContainerItemProxy;
			containerPortal = 54243DD51D2EE37B00D52103 /* Project object */;
			proxyType = 1;
			remoteGlobalIDString = 54243DDC1D2EE37B00D52103;
			remoteInfo = WeatherApp;
		};
		54243E021D2EE37B00D52103 /* PBXContainerItemProxy */ = {
			isa = PBXContainerItemProxy;
			containerPortal = 54243DD51D2EE37B00D52103 /* Project object */;
			proxyType = 1;
			remoteGlobalIDString = 54243DDC1D2EE37B00D52103;
			remoteInfo = WeatherApp;
		};
/* End PBXContainerItemProxy section */

/* Begin PBXFileReference section */
		54243DDD1D2EE37B00D52103 /* WeatherApp.app */ = {isa = PBXFileReference; explicitFileType = wrapper.application; includeInIndex = 0; path = WeatherApp.app; sourceTree = BUILT_PRODUCTS_DIR; };
		54243DE11D2EE37B00D52103 /* main.m */ = {isa = PBXFileReference; lastKnownFileType = sourcecode.c.objc; path = main.m; sourceTree = "<group>"; };
		54243DE31D2EE37B00D52103 /* AppDelegate.h */ = {isa = PBXFileReference; lastKnownFileType = sourcecode.c.h; path = AppDelegate.h; sourceTree = "<group>"; };
		54243DE41D2EE37B00D52103 /* AppDelegate.m */ = {isa = PBXFileReference; lastKnownFileType = sourcecode.c.objc; path = AppDelegate.m; sourceTree = "<group>"; };
		54243DEA1D2EE37B00D52103 /* Base */ = {isa = PBXFileReference; lastKnownFileType = file.storyboard; name = Base; path = Base.lproj/Main.storyboard; sourceTree = "<group>"; };
		54243DEC1D2EE37B00D52103 /* Assets.xcassets */ = {isa = PBXFileReference; lastKnownFileType = folder.assetcatalog; path = Assets.xcassets; sourceTree = "<group>"; };
		54243DF11D2EE37B00D52103 /* Info.plist */ = {isa = PBXFileReference; lastKnownFileType = text.plist.xml; path = Info.plist; sourceTree = "<group>"; };
		54243DF61D2EE37B00D52103 /* WeatherAppTests.xctest */ = {isa = PBXFileReference; explicitFileType = wrapper.cfbundle; includeInIndex = 0; path = WeatherAppTests.xctest; sourceTree = BUILT_PRODUCTS_DIR; };
		54243DFA1D2EE37B00D52103 /* WeatherAppTests.m */ = {isa = PBXFileReference; lastKnownFileType = sourcecode.c.objc; path = WeatherAppTests.m; sourceTree = "<group>"; };
		54243DFC1D2EE37B00D52103 /* Info.plist */ = {isa = PBXFileReference; lastKnownFileType = text.plist.xml; path = Info.plist; sourceTree = "<group>"; };
		54243E011D2EE37B00D52103 /* WeatherAppUITests.xctest */ = {isa = PBXFileReference; explicitFileType = wrapper.cfbundle; includeInIndex = 0; path = WeatherAppUITests.xctest; sourceTree = BUILT_PRODUCTS_DIR; };
		54243E051D2EE37B00D52103 /* WeatherAppUITests.m */ = {isa = PBXFileReference; lastKnownFileType = sourcecode.c.objc; path = WeatherAppUITests.m; sourceTree = "<group>"; };
		54243E071D2EE37B00D52103 /* Info.plist */ = {isa = PBXFileReference; lastKnownFileType = text.plist.xml; path = Info.plist; sourceTree = "<group>"; };
		5443CC2D1D34099A0021C881 /* Places.h */ = {isa = PBXFileReference; fileEncoding = 4; lastKnownFileType = sourcecode.c.h; path = Places.h; sourceTree = "<group>"; };
		5443CC2E1D34099A0021C881 /* Places.m */ = {isa = PBXFileReference; fileEncoding = 4; lastKnownFileType = sourcecode.c.objc; path = Places.m; sourceTree = "<group>"; };
		5443CC301D3412D40021C881 /* SearchTableViewController.h */ = {isa = PBXFileReference; fileEncoding = 4; lastKnownFileType = sourcecode.c.h; path = SearchTableViewController.h; sourceTree = "<group>"; };
		5443CC311D3412D40021C881 /* SearchTableViewController.m */ = {isa = PBXFileReference; fileEncoding = 4; lastKnownFileType = sourcecode.c.objc; path = SearchTableViewController.m; sourceTree = "<group>"; };
		544F57091D32DC3A00ABE53D /* MBProgressHUD.h */ = {isa = PBXFileReference; fileEncoding = 4; lastKnownFileType = sourcecode.c.h; path = MBProgressHUD.h; sourceTree = "<group>"; };
		544F570A1D32DC3A00ABE53D /* MBProgressHUD.m */ = {isa = PBXFileReference; fileEncoding = 4; lastKnownFileType = sourcecode.c.objc; path = MBProgressHUD.m; sourceTree = "<group>"; };
		544F570D1D32DC7500ABE53D /* BasicViewController.h */ = {isa = PBXFileReference; fileEncoding = 4; lastKnownFileType = sourcecode.c.h; path = BasicViewController.h; sourceTree = "<group>"; };
		544F570E1D32DC7500ABE53D /* BasicViewController.m */ = {isa = PBXFileReference; fileEncoding = 4; lastKnownFileType = sourcecode.c.objc; path = BasicViewController.m; sourceTree = "<group>"; };
		544F57101D32EA2200ABE53D /* Place.h */ = {isa = PBXFileReference; fileEncoding = 4; lastKnownFileType = sourcecode.c.h; path = Place.h; sourceTree = "<group>"; };
		544F57111D32EA2300ABE53D /* Place.m */ = {isa = PBXFileReference; fileEncoding = 4; lastKnownFileType = sourcecode.c.objc; path = Place.m; sourceTree = "<group>"; };
		54C6B32C1D30FFD2008EE5AA /* WXCondition.h */ = {isa = PBXFileReference; fileEncoding = 4; lastKnownFileType = sourcecode.c.h; path = WXCondition.h; sourceTree = "<group>"; };
		54C6B32D1D30FFD2008EE5AA /* WXCondition.m */ = {isa = PBXFileReference; fileEncoding = 4; lastKnownFileType = sourcecode.c.objc; path = WXCondition.m; sourceTree = "<group>"; };
		54C6B32E1D30FFD2008EE5AA /* WXDailyForecast.h */ = {isa = PBXFileReference; fileEncoding = 4; lastKnownFileType = sourcecode.c.h; path = WXDailyForecast.h; sourceTree = "<group>"; };
		54C6B32F1D30FFD2008EE5AA /* WXDailyForecast.m */ = {isa = PBXFileReference; fileEncoding = 4; lastKnownFileType = sourcecode.c.objc; path = WXDailyForecast.m; sourceTree = "<group>"; };
		54C6B3331D310001008EE5AA /* WXClient.h */ = {isa = PBXFileReference; fileEncoding = 4; lastKnownFileType = sourcecode.c.h; path = WXClient.h; sourceTree = "<group>"; };
		54C6B3341D310001008EE5AA /* WXClient.m */ = {isa = PBXFileReference; fileEncoding = 4; lastKnownFileType = sourcecode.c.objc; path = WXClient.m; sourceTree = "<group>"; };
		54C6B3351D310001008EE5AA /* WXManager.h */ = {isa = PBXFileReference; fileEncoding = 4; lastKnownFileType = sourcecode.c.h; path = WXManager.h; sourceTree = "<group>"; };
		54C6B3361D310001008EE5AA /* WXManager.m */ = {isa = PBXFileReference; fileEncoding = 4; lastKnownFileType = sourcecode.c.objc; path = WXManager.m; sourceTree = "<group>"; };
		54C6B3391D31016C008EE5AA /* WeatherContentController.h */ = {isa = PBXFileReference; fileEncoding = 4; lastKnownFileType = sourcecode.c.h; path = WeatherContentController.h; sourceTree = "<group>"; };
		54C6B33A1D31016C008EE5AA /* WeatherContentController.m */ = {isa = PBXFileReference; fileEncoding = 4; lastKnownFileType = sourcecode.c.objc; path = WeatherContentController.m; sourceTree = "<group>"; };
		54C6B3481D310881008EE5AA /* WeatherApp.xcworkspace */ = {isa = PBXFileReference; lastKnownFileType = wrapper.workspace; path = WeatherApp.xcworkspace; sourceTree = "<group>"; };
		54C6B34A1D310CB6008EE5AA /* UIKit.framework */ = {isa = PBXFileReference; lastKnownFileType = wrapper.framework; name = UIKit.framework; path = System/Library/Frameworks/UIKit.framework; sourceTree = SDKROOT; };
		54C6B34C1D310CC3008EE5AA /* CoreLocation.framework */ = {isa = PBXFileReference; lastKnownFileType = wrapper.framework; name = CoreLocation.framework; path = System/Library/Frameworks/CoreLocation.framework; sourceTree = SDKROOT; };
		54C6B34E1D310D3B008EE5AA /* Foundation.framework */ = {isa = PBXFileReference; lastKnownFileType = wrapper.framework; name = Foundation.framework; path = System/Library/Frameworks/Foundation.framework; sourceTree = SDKROOT; };
		54C6B3511D3110B5008EE5AA /* bg.png */ = {isa = PBXFileReference; lastKnownFileType = image.png; path = bg.png; sourceTree = "<group>"; };
		54C6B3521D3110B5008EE5AA /* bg@2x.png */ = {isa = PBXFileReference; lastKnownFileType = image.png; path = "bg@2x.png"; sourceTree = "<group>"; };
		54C6B3541D3110B5008EE5AA /* weather-broken.png */ = {isa = PBXFileReference; lastKnownFileType = image.png; path = "weather-broken.png"; sourceTree = "<group>"; };
		54C6B3551D3110B5008EE5AA /* weather-broken@2x.png */ = {isa = PBXFileReference; lastKnownFileType = image.png; path = "weather-broken@2x.png"; sourceTree = "<group>"; };
		54C6B3561D3110B5008EE5AA /* weather-clear.png */ = {isa = PBXFileReference; lastKnownFileType = image.png; path = "weather-clear.png"; sourceTree = "<group>"; };
		54C6B3571D3110B5008EE5AA /* weather-clear@2x.png */ = {isa = PBXFileReference; lastKnownFileType = image.png; path = "weather-clear@2x.png"; sourceTree = "<group>"; };
		54C6B3581D3110B5008EE5AA /* weather-few-night.png */ = {isa = PBXFileReference; lastKnownFileType = image.png; path = "weather-few-night.png"; sourceTree = "<group>"; };
		54C6B3591D3110B5008EE5AA /* weather-few-night@2x.png */ = {isa = PBXFileReference; lastKnownFileType = image.png; path = "weather-few-night@2x.png"; sourceTree = "<group>"; };
		54C6B35A1D3110B5008EE5AA /* weather-few.png */ = {isa = PBXFileReference; lastKnownFileType = image.png; path = "weather-few.png"; sourceTree = "<group>"; };
		54C6B35B1D3110B5008EE5AA /* weather-few@2x.png */ = {isa = PBXFileReference; lastKnownFileType = image.png; path = "weather-few@2x.png"; sourceTree = "<group>"; };
		54C6B35C1D3110B5008EE5AA /* weather-mist.png */ = {isa = PBXFileReference; lastKnownFileType = image.png; path = "weather-mist.png"; sourceTree = "<group>"; };
		54C6B35D1D3110B5008EE5AA /* weather-mist@2x.png */ = {isa = PBXFileReference; lastKnownFileType = image.png; path = "weather-mist@2x.png"; sourceTree = "<group>"; };
		54C6B35E1D3110B5008EE5AA /* weather-moon.png */ = {isa = PBXFileReference; lastKnownFileType = image.png; path = "weather-moon.png"; sourceTree = "<group>"; };
		54C6B35F1D3110B5008EE5AA /* weather-moon@2x.png */ = {isa = PBXFileReference; lastKnownFileType = image.png; path = "weather-moon@2x.png"; sourceTree = "<group>"; };
		54C6B3601D3110B5008EE5AA /* weather-rain-night.png */ = {isa = PBXFileReference; lastKnownFileType = image.png; path = "weather-rain-night.png"; sourceTree = "<group>"; };
		54C6B3611D3110B5008EE5AA /* weather-rain-night@2x.png */ = {isa = PBXFileReference; lastKnownFileType = image.png; path = "weather-rain-night@2x.png"; sourceTree = "<group>"; };
		54C6B3621D3110B5008EE5AA /* weather-rain.png */ = {isa = PBXFileReference; lastKnownFileType = image.png; path = "weather-rain.png"; sourceTree = "<group>"; };
		54C6B3631D3110B5008EE5AA /* weather-rain@2x.png */ = {isa = PBXFileReference; lastKnownFileType = image.png; path = "weather-rain@2x.png"; sourceTree = "<group>"; };
		54C6B3641D3110B5008EE5AA /* weather-scattered.png */ = {isa = PBXFileReference; lastKnownFileType = image.png; path = "weather-scattered.png"; sourceTree = "<group>"; };
		54C6B3651D3110B5008EE5AA /* weather-scattered@2x.png */ = {isa = PBXFileReference; lastKnownFileType = image.png; path = "weather-scattered@2x.png"; sourceTree = "<group>"; };
		54C6B3661D3110B5008EE5AA /* weather-shower.png */ = {isa = PBXFileReference; lastKnownFileType = image.png; path = "weather-shower.png"; sourceTree = "<group>"; };
		54C6B3671D3110B5008EE5AA /* weather-shower@2x.png */ = {isa = PBXFileReference; lastKnownFileType = image.png; path = "weather-shower@2x.png"; sourceTree = "<group>"; };
		54C6B3681D3110B5008EE5AA /* weather-snow.png */ = {isa = PBXFileReference; lastKnownFileType = image.png; path = "weather-snow.png"; sourceTree = "<group>"; };
		54C6B3691D3110B5008EE5AA /* weather-snow@2x.png */ = {isa = PBXFileReference; lastKnownFileType = image.png; path = "weather-snow@2x.png"; sourceTree = "<group>"; };
		54C6B36A1D3110B5008EE5AA /* weather-tstorm.png */ = {isa = PBXFileReference; lastKnownFileType = image.png; path = "weather-tstorm.png"; sourceTree = "<group>"; };
		54C6B36B1D3110B5008EE5AA /* weather-tstorm@2x.png */ = {isa = PBXFileReference; lastKnownFileType = image.png; path = "weather-tstorm@2x.png"; sourceTree = "<group>"; };
		54E988DC1D32547400C9863B /* Default-568h@2x.png */ = {isa = PBXFileReference; lastKnownFileType = image.png; path = "Default-568h@2x.png"; sourceTree = "<group>"; };
		54E988DE1D325C8C00C9863B /* AFNetworking.framework */ = {isa = PBXFileReference; lastKnownFileType = wrapper.framework; name = AFNetworking.framework; path = "../../../Library/Developer/Xcode/DerivedData/Build/Products0094/Debug-iphonesimulator/AFNetworking/AFNetworking.framework"; sourceTree = "<group>"; };
		54E988DF1D325C8C00C9863B /* HexColors.framework */ = {isa = PBXFileReference; lastKnownFileType = wrapper.framework; name = HexColors.framework; path = "../../../Library/Developer/Xcode/DerivedData/Build/Products0094/Debug-iphonesimulator/HexColors/HexColors.framework"; sourceTree = "<group>"; };
		54E988E01D325C8C00C9863B /* LBBlurredImage.framework */ = {isa = PBXFileReference; lastKnownFileType = wrapper.framework; name = LBBlurredImage.framework; path = "../../../Library/Developer/Xcode/DerivedData/Build/Products0094/Debug-iphonesimulator/LBBlurredImage/LBBlurredImage.framework"; sourceTree = "<group>"; };
		54E988E11D325C8C00C9863B /* Mantle.framework */ = {isa = PBXFileReference; lastKnownFileType = wrapper.framework; name = Mantle.framework; path = "../../../Library/Developer/Xcode/DerivedData/Build/Products0094/Debug-iphonesimulator/Mantle/Mantle.framework"; sourceTree = "<group>"; };
		54E988E21D325C8C00C9863B /* ReactiveCocoa.framework */ = {isa = PBXFileReference; lastKnownFileType = wrapper.framework; name = ReactiveCocoa.framework; path = "../../../Library/Developer/Xcode/DerivedData/Build/Products0094/Debug-iphonesimulator/ReactiveCocoa/ReactiveCocoa.framework"; sourceTree = "<group>"; };
		54E988E31D325C8D00C9863B /* TSMessages.framework */ = {isa = PBXFileReference; lastKnownFileType = wrapper.framework; name = TSMessages.framework; path = "../../../Library/Developer/Xcode/DerivedData/Build/Products0094/Debug-iphonesimulator/TSMessages/TSMessages.framework"; sourceTree = "<group>"; };
		54E988EA1D326D2000C9863B /* SWRevealViewController.h */ = {isa = PBXFileReference; fileEncoding = 4; lastKnownFileType = sourcecode.c.h; path = SWRevealViewController.h; sourceTree = "<group>"; };
		54E988EB1D326D2000C9863B /* SWRevealViewController.m */ = {isa = PBXFileReference; fileEncoding = 4; lastKnownFileType = sourcecode.c.objc; path = SWRevealViewController.m; sourceTree = "<group>"; };
		54E988EE1D32A54000C9863B /* MenuViewController.h */ = {isa = PBXFileReference; fileEncoding = 4; lastKnownFileType = sourcecode.c.h; path = MenuViewController.h; sourceTree = "<group>"; };
		54E988EF1D32A54000C9863B /* MenuViewController.m */ = {isa = PBXFileReference; fileEncoding = 4; lastKnownFileType = sourcecode.c.objc; path = MenuViewController.m; sourceTree = "<group>"; };
		615FC9193A3CE6FC3FF3763E /* Pods-WeatherApp.debug.xcconfig */ = {isa = PBXFileReference; includeInIndex = 1; lastKnownFileType = text.xcconfig; name = "Pods-WeatherApp.debug.xcconfig"; path = "Pods/Target Support Files/Pods-WeatherApp/Pods-WeatherApp.debug.xcconfig"; sourceTree = "<group>"; };
		814492CDAA744492BBA982A0 /* Pods_WeatherApp.framework */ = {isa = PBXFileReference; explicitFileType = wrapper.framework; includeInIndex = 0; path = Pods_WeatherApp.framework; sourceTree = BUILT_PRODUCTS_DIR; };
		BFBAA1DE10DBC9131233D587 /* Pods-WeatherApp.release.xcconfig */ = {isa = PBXFileReference; includeInIndex = 1; lastKnownFileType = text.xcconfig; name = "Pods-WeatherApp.release.xcconfig"; path = "Pods/Target Support Files/Pods-WeatherApp/Pods-WeatherApp.release.xcconfig"; sourceTree = "<group>"; };
/* End PBXFileReference section */

/* Begin PBXFrameworksBuildPhase section */
		54243DDA1D2EE37B00D52103 /* Frameworks */ = {
			isa = PBXFrameworksBuildPhase;
			buildActionMask = 2147483647;
			files = (
				54E988E41D325C8D00C9863B /* AFNetworking.framework in Frameworks */,
				54E988E51D325C8D00C9863B /* HexColors.framework in Frameworks */,
				54E988E61D325C8D00C9863B /* LBBlurredImage.framework in Frameworks */,
				54E988E71D325C8D00C9863B /* Mantle.framework in Frameworks */,
				54E988E81D325C8D00C9863B /* ReactiveCocoa.framework in Frameworks */,
				54E988E91D325C8D00C9863B /* TSMessages.framework in Frameworks */,
				54C6B34F1D310D3B008EE5AA /* Foundation.framework in Frameworks */,
				54C6B34D1D310CC3008EE5AA /* CoreLocation.framework in Frameworks */,
				54C6B34B1D310CB6008EE5AA /* UIKit.framework in Frameworks */,
				54C6B3491D310881008EE5AA /* WeatherApp.xcworkspace in Frameworks */,
				633125776543007A1409616E /* Pods_WeatherApp.framework in Frameworks */,
			);
			runOnlyForDeploymentPostprocessing = 0;
		};
		54243DF31D2EE37B00D52103 /* Frameworks */ = {
			isa = PBXFrameworksBuildPhase;
			buildActionMask = 2147483647;
			files = (
			);
			runOnlyForDeploymentPostprocessing = 0;
		};
		54243DFE1D2EE37B00D52103 /* Frameworks */ = {
			isa = PBXFrameworksBuildPhase;
			buildActionMask = 2147483647;
			files = (
			);
			runOnlyForDeploymentPostprocessing = 0;
		};
/* End PBXFrameworksBuildPhase section */

/* Begin PBXGroup section */
		4D86E4EF7819BBC2977DE9AF /* Pods */ = {
			isa = PBXGroup;
			children = (
				615FC9193A3CE6FC3FF3763E /* Pods-WeatherApp.debug.xcconfig */,
				BFBAA1DE10DBC9131233D587 /* Pods-WeatherApp.release.xcconfig */,
			);
			name = Pods;
			sourceTree = "<group>";
		};
		54243DD41D2EE37B00D52103 = {
			isa = PBXGroup;
			children = (
				54E988DC1D32547400C9863B /* Default-568h@2x.png */,
				54243DDF1D2EE37B00D52103 /* WeatherApp */,
				54243DF91D2EE37B00D52103 /* WeatherAppTests */,
				54243E041D2EE37B00D52103 /* WeatherAppUITests */,
				54243DDE1D2EE37B00D52103 /* Products */,
				4D86E4EF7819BBC2977DE9AF /* Pods */,
				9D07F6B0A31119EA4C420A5B /* Frameworks */,
			);
			sourceTree = "<group>";
		};
		54243DDE1D2EE37B00D52103 /* Products */ = {
			isa = PBXGroup;
			children = (
				54243DDD1D2EE37B00D52103 /* WeatherApp.app */,
				54243DF61D2EE37B00D52103 /* WeatherAppTests.xctest */,
				54243E011D2EE37B00D52103 /* WeatherAppUITests.xctest */,
			);
			name = Products;
			sourceTree = "<group>";
		};
		54243DDF1D2EE37B00D52103 /* WeatherApp */ = {
			isa = PBXGroup;
			children = (
				54E988ED1D32A51A00C9863B /* Library */,
				54C6B3321D30FFEB008EE5AA /* Services */,
				54C6B32B1D30FF99008EE5AA /* Controllers */,
				54C6B32A1D30FF90008EE5AA /* Models */,
				54243DE31D2EE37B00D52103 /* AppDelegate.h */,
				54243DE41D2EE37B00D52103 /* AppDelegate.m */,
				54243DE91D2EE37B00D52103 /* Main.storyboard */,
				54C6B3501D3110B5008EE5AA /* Images */,
				54243DEC1D2EE37B00D52103 /* Assets.xcassets */,
				54243DE01D2EE37B00D52103 /* Supporting Files */,
			);
			path = WeatherApp;
			sourceTree = "<group>";
		};
		54243DE01D2EE37B00D52103 /* Supporting Files */ = {
			isa = PBXGroup;
			children = (
				54243DF11D2EE37B00D52103 /* Info.plist */,
				54243DE11D2EE37B00D52103 /* main.m */,
			);
			name = "Supporting Files";
			sourceTree = "<group>";
		};
		54243DF91D2EE37B00D52103 /* WeatherAppTests */ = {
			isa = PBXGroup;
			children = (
				54243DFA1D2EE37B00D52103 /* WeatherAppTests.m */,
				54243DFC1D2EE37B00D52103 /* Info.plist */,
			);
			path = WeatherAppTests;
			sourceTree = "<group>";
		};
		54243E041D2EE37B00D52103 /* WeatherAppUITests */ = {
			isa = PBXGroup;
			children = (
				54243E051D2EE37B00D52103 /* WeatherAppUITests.m */,
				54243E071D2EE37B00D52103 /* Info.plist */,
			);
			path = WeatherAppUITests;
			sourceTree = "<group>";
		};
		544F57081D32DC3A00ABE53D /* MBProgressHUD */ = {
			isa = PBXGroup;
			children = (
				544F57091D32DC3A00ABE53D /* MBProgressHUD.h */,
				544F570A1D32DC3A00ABE53D /* MBProgressHUD.m */,
			);
			path = MBProgressHUD;
			sourceTree = "<group>";
		};
		544F570C1D32DC4100ABE53D /* SWReveal */ = {
			isa = PBXGroup;
			children = (
				54E988EA1D326D2000C9863B /* SWRevealViewController.h */,
				54E988EB1D326D2000C9863B /* SWRevealViewController.m */,
			);
			name = SWReveal;
			sourceTree = "<group>";
		};
		54C6B32A1D30FF90008EE5AA /* Models */ = {
			isa = PBXGroup;
			children = (
				54C6B32C1D30FFD2008EE5AA /* WXCondition.h */,
				54C6B32D1D30FFD2008EE5AA /* WXCondition.m */,
				54C6B32E1D30FFD2008EE5AA /* WXDailyForecast.h */,
				54C6B32F1D30FFD2008EE5AA /* WXDailyForecast.m */,
				544F57101D32EA2200ABE53D /* Place.h */,
				544F57111D32EA2300ABE53D /* Place.m */,
				5443CC2D1D34099A0021C881 /* Places.h */,
				5443CC2E1D34099A0021C881 /* Places.m */,
			);
			name = Models;
			sourceTree = "<group>";
		};
		54C6B32B1D30FF99008EE5AA /* Controllers */ = {
			isa = PBXGroup;
			children = (
				544F570D1D32DC7500ABE53D /* BasicViewController.h */,
				544F570E1D32DC7500ABE53D /* BasicViewController.m */,
				54C6B3391D31016C008EE5AA /* WeatherContentController.h */,
				54C6B33A1D31016C008EE5AA /* WeatherContentController.m */,
				54E988EE1D32A54000C9863B /* MenuViewController.h */,
				54E988EF1D32A54000C9863B /* MenuViewController.m */,
				5443CC301D3412D40021C881 /* SearchTableViewController.h */,
				5443CC311D3412D40021C881 /* SearchTableViewController.m */,
			);
			name = Controllers;
			sourceTree = "<group>";
		};
		54C6B3321D30FFEB008EE5AA /* Services */ = {
			isa = PBXGroup;
			children = (
				54C6B3331D310001008EE5AA /* WXClient.h */,
				54C6B3341D310001008EE5AA /* WXClient.m */,
				54C6B3351D310001008EE5AA /* WXManager.h */,
				54C6B3361D310001008EE5AA /* WXManager.m */,
			);
			name = Services;
			sourceTree = "<group>";
		};
		54C6B3501D3110B5008EE5AA /* Images */ = {
			isa = PBXGroup;
			children = (
				54C6B3511D3110B5008EE5AA /* bg.png */,
				54C6B3521D3110B5008EE5AA /* bg@2x.png */,
				54C6B3531D3110B5008EE5AA /* Weather Icons */,
			);
			path = Images;
			sourceTree = "<group>";
		};
		54C6B3531D3110B5008EE5AA /* Weather Icons */ = {
			isa = PBXGroup;
			children = (
				54C6B3541D3110B5008EE5AA /* weather-broken.png */,
				54C6B3551D3110B5008EE5AA /* weather-broken@2x.png */,
				54C6B3561D3110B5008EE5AA /* weather-clear.png */,
				54C6B3571D3110B5008EE5AA /* weather-clear@2x.png */,
				54C6B3581D3110B5008EE5AA /* weather-few-night.png */,
				54C6B3591D3110B5008EE5AA /* weather-few-night@2x.png */,
				54C6B35A1D3110B5008EE5AA /* weather-few.png */,
				54C6B35B1D3110B5008EE5AA /* weather-few@2x.png */,
				54C6B35C1D3110B5008EE5AA /* weather-mist.png */,
				54C6B35D1D3110B5008EE5AA /* weather-mist@2x.png */,
				54C6B35E1D3110B5008EE5AA /* weather-moon.png */,
				54C6B35F1D3110B5008EE5AA /* weather-moon@2x.png */,
				54C6B3601D3110B5008EE5AA /* weather-rain-night.png */,
				54C6B3611D3110B5008EE5AA /* weather-rain-night@2x.png */,
				54C6B3621D3110B5008EE5AA /* weather-rain.png */,
				54C6B3631D3110B5008EE5AA /* weather-rain@2x.png */,
				54C6B3641D3110B5008EE5AA /* weather-scattered.png */,
				54C6B3651D3110B5008EE5AA /* weather-scattered@2x.png */,
				54C6B3661D3110B5008EE5AA /* weather-shower.png */,
				54C6B3671D3110B5008EE5AA /* weather-shower@2x.png */,
				54C6B3681D3110B5008EE5AA /* weather-snow.png */,
				54C6B3691D3110B5008EE5AA /* weather-snow@2x.png */,
				54C6B36A1D3110B5008EE5AA /* weather-tstorm.png */,
				54C6B36B1D3110B5008EE5AA /* weather-tstorm@2x.png */,
			);
			path = "Weather Icons";
			sourceTree = "<group>";
		};
		54E988ED1D32A51A00C9863B /* Library */ = {
			isa = PBXGroup;
			children = (
				544F570C1D32DC4100ABE53D /* SWReveal */,
				544F57081D32DC3A00ABE53D /* MBProgressHUD */,
			);
			name = Library;
			sourceTree = "<group>";
		};
		9D07F6B0A31119EA4C420A5B /* Frameworks */ = {
			isa = PBXGroup;
			children = (
				54E988DE1D325C8C00C9863B /* AFNetworking.framework */,
				54E988DF1D325C8C00C9863B /* HexColors.framework */,
				54E988E01D325C8C00C9863B /* LBBlurredImage.framework */,
				54E988E11D325C8C00C9863B /* Mantle.framework */,
				54E988E21D325C8C00C9863B /* ReactiveCocoa.framework */,
				54E988E31D325C8D00C9863B /* TSMessages.framework */,
				54C6B34E1D310D3B008EE5AA /* Foundation.framework */,
				54C6B34C1D310CC3008EE5AA /* CoreLocation.framework */,
				54C6B34A1D310CB6008EE5AA /* UIKit.framework */,
				54C6B3481D310881008EE5AA /* WeatherApp.xcworkspace */,
				814492CDAA744492BBA982A0 /* Pods_WeatherApp.framework */,
			);
			name = Frameworks;
			sourceTree = "<group>";
		};
/* End PBXGroup section */

/* Begin PBXNativeTarget section */
		54243DDC1D2EE37B00D52103 /* WeatherApp */ = {
			isa = PBXNativeTarget;
			buildConfigurationList = 54243E0A1D2EE37B00D52103 /* Build configuration list for PBXNativeTarget "WeatherApp" */;
			buildPhases = (
				2B51B058DC7019A04C6A8AB8 /* [CP] Check Pods Manifest.lock */,
				54243DD91D2EE37B00D52103 /* Sources */,
				54243DDA1D2EE37B00D52103 /* Frameworks */,
				54243DDB1D2EE37B00D52103 /* Resources */,
				3B62334C5A057195D6C82D1E /* [CP] Embed Pods Frameworks */,
				7EBEE70B55062F702C67B486 /* [CP] Copy Pods Resources */,
			);
			buildRules = (
			);
			dependencies = (
			);
			name = WeatherApp;
			productName = WeatherApp;
			productReference = 54243DDD1D2EE37B00D52103 /* WeatherApp.app */;
			productType = "com.apple.product-type.application";
		};
		54243DF51D2EE37B00D52103 /* WeatherAppTests */ = {
			isa = PBXNativeTarget;
			buildConfigurationList = 54243E0D1D2EE37B00D52103 /* Build configuration list for PBXNativeTarget "WeatherAppTests" */;
			buildPhases = (
				54243DF21D2EE37B00D52103 /* Sources */,
				54243DF31D2EE37B00D52103 /* Frameworks */,
				54243DF41D2EE37B00D52103 /* Resources */,
			);
			buildRules = (
			);
			dependencies = (
				54243DF81D2EE37B00D52103 /* PBXTargetDependency */,
			);
			name = WeatherAppTests;
			productName = WeatherAppTests;
			productReference = 54243DF61D2EE37B00D52103 /* WeatherAppTests.xctest */;
			productType = "com.apple.product-type.bundle.unit-test";
		};
		54243E001D2EE37B00D52103 /* WeatherAppUITests */ = {
			isa = PBXNativeTarget;
			buildConfigurationList = 54243E101D2EE37B00D52103 /* Build configuration list for PBXNativeTarget "WeatherAppUITests" */;
			buildPhases = (
				54243DFD1D2EE37B00D52103 /* Sources */,
				54243DFE1D2EE37B00D52103 /* Frameworks */,
				54243DFF1D2EE37B00D52103 /* Resources */,
			);
			buildRules = (
			);
			dependencies = (
				54243E031D2EE37B00D52103 /* PBXTargetDependency */,
			);
			name = WeatherAppUITests;
			productName = WeatherAppUITests;
			productReference = 54243E011D2EE37B00D52103 /* WeatherAppUITests.xctest */;
			productType = "com.apple.product-type.bundle.ui-testing";
		};
/* End PBXNativeTarget section */

/* Begin PBXProject section */
		54243DD51D2EE37B00D52103 /* Project object */ = {
			isa = PBXProject;
			attributes = {
				LastUpgradeCheck = 0730;
				ORGANIZATIONNAME = "Marija Djuric";
				TargetAttributes = {
					54243DDC1D2EE37B00D52103 = {
						CreatedOnToolsVersion = 7.3;
					};
					54243DF51D2EE37B00D52103 = {
						CreatedOnToolsVersion = 7.3;
						TestTargetID = 54243DDC1D2EE37B00D52103;
					};
					54243E001D2EE37B00D52103 = {
						CreatedOnToolsVersion = 7.3;
						TestTargetID = 54243DDC1D2EE37B00D52103;
					};
				};
			};
			buildConfigurationList = 54243DD81D2EE37B00D52103 /* Build configuration list for PBXProject "WeatherApp" */;
			compatibilityVersion = "Xcode 3.2";
			developmentRegion = English;
			hasScannedForEncodings = 0;
			knownRegions = (
				en,
				Base,
			);
			mainGroup = 54243DD41D2EE37B00D52103;
			productRefGroup = 54243DDE1D2EE37B00D52103 /* Products */;
			projectDirPath = "";
			projectRoot = "";
			targets = (
				54243DDC1D2EE37B00D52103 /* WeatherApp */,
				54243DF51D2EE37B00D52103 /* WeatherAppTests */,
				54243E001D2EE37B00D52103 /* WeatherAppUITests */,
			);
		};
/* End PBXProject section */

/* Begin PBXResourcesBuildPhase section */
		54243DDB1D2EE37B00D52103 /* Resources */ = {
			isa = PBXResourcesBuildPhase;
			buildActionMask = 2147483647;
			files = (
				54C6B3851D3110B5008EE5AA /* weather-tstorm@2x.png in Resources */,
				54C6B36E1D3110B5008EE5AA /* weather-broken.png in Resources */,
				54C6B3721D3110B5008EE5AA /* weather-few-night.png in Resources */,
				54C6B3701D3110B5008EE5AA /* weather-clear.png in Resources */,
				54C6B37F1D3110B5008EE5AA /* weather-scattered@2x.png in Resources */,
				54C6B37D1D3110B5008EE5AA /* weather-rain@2x.png in Resources */,
				54E988DD1D32547400C9863B /* Default-568h@2x.png in Resources */,
				54C6B3731D3110B5008EE5AA /* weather-few-night@2x.png in Resources */,
				54C6B3761D3110B5008EE5AA /* weather-mist.png in Resources */,
				54C6B3821D3110B5008EE5AA /* weather-snow.png in Resources */,
				54C6B37C1D3110B5008EE5AA /* weather-rain.png in Resources */,
				54C6B37A1D3110B5008EE5AA /* weather-rain-night.png in Resources */,
				54243DED1D2EE37B00D52103 /* Assets.xcassets in Resources */,
				54C6B3791D3110B5008EE5AA /* weather-moon@2x.png in Resources */,
				54C6B3771D3110B5008EE5AA /* weather-mist@2x.png in Resources */,
				54C6B3841D3110B5008EE5AA /* weather-tstorm.png in Resources */,
				54C6B3801D3110B5008EE5AA /* weather-shower.png in Resources */,
				54C6B3781D3110B5008EE5AA /* weather-moon.png in Resources */,
				54C6B37B1D3110B5008EE5AA /* weather-rain-night@2x.png in Resources */,
				54C6B3831D3110B5008EE5AA /* weather-snow@2x.png in Resources */,
				54C6B3811D3110B5008EE5AA /* weather-shower@2x.png in Resources */,
				54C6B3741D3110B5008EE5AA /* weather-few.png in Resources */,
				54C6B3751D3110B5008EE5AA /* weather-few@2x.png in Resources */,
				54C6B36F1D3110B5008EE5AA /* weather-broken@2x.png in Resources */,
				54243DEB1D2EE37B00D52103 /* Main.storyboard in Resources */,
				54C6B37E1D3110B5008EE5AA /* weather-scattered.png in Resources */,
				54C6B3711D3110B5008EE5AA /* weather-clear@2x.png in Resources */,
				54C6B36C1D3110B5008EE5AA /* bg.png in Resources */,
				54C6B36D1D3110B5008EE5AA /* bg@2x.png in Resources */,
			);
			runOnlyForDeploymentPostprocessing = 0;
		};
		54243DF41D2EE37B00D52103 /* Resources */ = {
			isa = PBXResourcesBuildPhase;
			buildActionMask = 2147483647;
			files = (
			);
			runOnlyForDeploymentPostprocessing = 0;
		};
		54243DFF1D2EE37B00D52103 /* Resources */ = {
			isa = PBXResourcesBuildPhase;
			buildActionMask = 2147483647;
			files = (
			);
			runOnlyForDeploymentPostprocessing = 0;
		};
/* End PBXResourcesBuildPhase section */

/* Begin PBXShellScriptBuildPhase section */
		2B51B058DC7019A04C6A8AB8 /* [CP] Check Pods Manifest.lock */ = {
			isa = PBXShellScriptBuildPhase;
			buildActionMask = 2147483647;
			files = (
			);
			inputPaths = (
			);
			name = "[CP] Check Pods Manifest.lock";
			outputPaths = (
			);
			runOnlyForDeploymentPostprocessing = 0;
			shellPath = /bin/sh;
			shellScript = "diff \"${PODS_ROOT}/../Podfile.lock\" \"${PODS_ROOT}/Manifest.lock\" > /dev/null\nif [[ $? != 0 ]] ; then\n    cat << EOM\nerror: The sandbox is not in sync with the Podfile.lock. Run 'pod install' or update your CocoaPods installation.\nEOM\n    exit 1\nfi\n";
			showEnvVarsInLog = 0;
		};
		3B62334C5A057195D6C82D1E /* [CP] Embed Pods Frameworks */ = {
			isa = PBXShellScriptBuildPhase;
			buildActionMask = 2147483647;
			files = (
			);
			inputPaths = (
			);
			name = "[CP] Embed Pods Frameworks";
			outputPaths = (
			);
			runOnlyForDeploymentPostprocessing = 0;
			shellPath = /bin/sh;
			shellScript = "\"${SRCROOT}/Pods/Target Support Files/Pods-WeatherApp/Pods-WeatherApp-frameworks.sh\"\n";
			showEnvVarsInLog = 0;
		};
		7EBEE70B55062F702C67B486 /* [CP] Copy Pods Resources */ = {
			isa = PBXShellScriptBuildPhase;
			buildActionMask = 2147483647;
			files = (
			);
			inputPaths = (
			);
			name = "[CP] Copy Pods Resources";
			outputPaths = (
			);
			runOnlyForDeploymentPostprocessing = 0;
			shellPath = /bin/sh;
			shellScript = "\"${SRCROOT}/Pods/Target Support Files/Pods-WeatherApp/Pods-WeatherApp-resources.sh\"\n";
			showEnvVarsInLog = 0;
		};
/* End PBXShellScriptBuildPhase section */

/* Begin PBXSourcesBuildPhase section */
		54243DD91D2EE37B00D52103 /* Sources */ = {
			isa = PBXSourcesBuildPhase;
			buildActionMask = 2147483647;
			files = (
				54243DE51D2EE37B00D52103 /* AppDelegate.m in Sources */,
				54E988F01D32A54000C9863B /* MenuViewController.m in Sources */,
				54C6B3301D30FFD2008EE5AA /* WXCondition.m in Sources */,
				544F57121D32EA2300ABE53D /* Place.m in Sources */,
				54C6B33B1D31016C008EE5AA /* WeatherContentController.m in Sources */,
				54E988EC1D326D2000C9863B /* SWRevealViewController.m in Sources */,
				54C6B3381D310001008EE5AA /* WXManager.m in Sources */,
				5443CC321D3412D40021C881 /* SearchTableViewController.m in Sources */,
				54C6B3311D30FFD3008EE5AA /* WXDailyForecast.m in Sources */,
				544F570B1D32DC3A00ABE53D /* MBProgressHUD.m in Sources */,
				5443CC2F1D34099A0021C881 /* Places.m in Sources */,
				54243DE21D2EE37B00D52103 /* main.m in Sources */,
				544F570F1D32DC7500ABE53D /* BasicViewController.m in Sources */,
				54C6B3371D310001008EE5AA /* WXClient.m in Sources */,
			);
			runOnlyForDeploymentPostprocessing = 0;
		};
		54243DF21D2EE37B00D52103 /* Sources */ = {
			isa = PBXSourcesBuildPhase;
			buildActionMask = 2147483647;
			files = (
				54243DFB1D2EE37B00D52103 /* WeatherAppTests.m in Sources */,
			);
			runOnlyForDeploymentPostprocessing = 0;
		};
		54243DFD1D2EE37B00D52103 /* Sources */ = {
			isa = PBXSourcesBuildPhase;
			buildActionMask = 2147483647;
			files = (
				54243E061D2EE37B00D52103 /* WeatherAppUITests.m in Sources */,
			);
			runOnlyForDeploymentPostprocessing = 0;
		};
/* End PBXSourcesBuildPhase section */

/* Begin PBXTargetDependency section */
		54243DF81D2EE37B00D52103 /* PBXTargetDependency */ = {
			isa = PBXTargetDependency;
			target = 54243DDC1D2EE37B00D52103 /* WeatherApp */;
			targetProxy = 54243DF71D2EE37B00D52103 /* PBXContainerItemProxy */;
		};
		54243E031D2EE37B00D52103 /* PBXTargetDependency */ = {
			isa = PBXTargetDependency;
			target = 54243DDC1D2EE37B00D52103 /* WeatherApp */;
			targetProxy = 54243E021D2EE37B00D52103 /* PBXContainerItemProxy */;
		};
/* End PBXTargetDependency section */

/* Begin PBXVariantGroup section */
		54243DE91D2EE37B00D52103 /* Main.storyboard */ = {
			isa = PBXVariantGroup;
			children = (
				54243DEA1D2EE37B00D52103 /* Base */,
			);
			name = Main.storyboard;
			sourceTree = "<group>";
		};
/* End PBXVariantGroup section */

/* Begin XCBuildConfiguration section */
		54243E081D2EE37B00D52103 /* Debug */ = {
			isa = XCBuildConfiguration;
			buildSettings = {
				ALWAYS_SEARCH_USER_PATHS = NO;
				CLANG_ANALYZER_NONNULL = YES;
				CLANG_CXX_LANGUAGE_STANDARD = "gnu++0x";
				CLANG_CXX_LIBRARY = "libc++";
				CLANG_ENABLE_MODULES = YES;
				CLANG_ENABLE_OBJC_ARC = YES;
				CLANG_WARN_BOOL_CONVERSION = YES;
				CLANG_WARN_CONSTANT_CONVERSION = YES;
				CLANG_WARN_DIRECT_OBJC_ISA_USAGE = YES_ERROR;
				CLANG_WARN_EMPTY_BODY = YES;
				CLANG_WARN_ENUM_CONVERSION = YES;
				CLANG_WARN_INT_CONVERSION = YES;
				CLANG_WARN_OBJC_ROOT_CLASS = YES_ERROR;
				CLANG_WARN_UNREACHABLE_CODE = YES;
				CLANG_WARN__DUPLICATE_METHOD_MATCH = YES;
				"CODE_SIGN_IDENTITY[sdk=iphoneos*]" = "iPhone Developer";
				COPY_PHASE_STRIP = NO;
				DEBUG_INFORMATION_FORMAT = dwarf;
				ENABLE_STRICT_OBJC_MSGSEND = YES;
				ENABLE_TESTABILITY = YES;
				GCC_C_LANGUAGE_STANDARD = gnu99;
				GCC_DYNAMIC_NO_PIC = NO;
				GCC_NO_COMMON_BLOCKS = YES;
				GCC_OPTIMIZATION_LEVEL = 0;
				GCC_PREPROCESSOR_DEFINITIONS = (
					"DEBUG=1",
					"$(inherited)",
				);
				GCC_WARN_64_TO_32_BIT_CONVERSION = YES;
				GCC_WARN_ABOUT_RETURN_TYPE = YES_ERROR;
				GCC_WARN_UNDECLARED_SELECTOR = YES;
				GCC_WARN_UNINITIALIZED_AUTOS = YES_AGGRESSIVE;
				GCC_WARN_UNUSED_FUNCTION = YES;
				GCC_WARN_UNUSED_VARIABLE = YES;
				IPHONEOS_DEPLOYMENT_TARGET = 9.3;
				MTL_ENABLE_DEBUG_INFO = YES;
				ONLY_ACTIVE_ARCH = YES;
				SDKROOT = iphoneos;
			};
			name = Debug;
		};
		54243E091D2EE37B00D52103 /* Release */ = {
			isa = XCBuildConfiguration;
			buildSettings = {
				ALWAYS_SEARCH_USER_PATHS = NO;
				CLANG_ANALYZER_NONNULL = YES;
				CLANG_CXX_LANGUAGE_STANDARD = "gnu++0x";
				CLANG_CXX_LIBRARY = "libc++";
				CLANG_ENABLE_MODULES = YES;
				CLANG_ENABLE_OBJC_ARC = YES;
				CLANG_WARN_BOOL_CONVERSION = YES;
				CLANG_WARN_CONSTANT_CONVERSION = YES;
				CLANG_WARN_DIRECT_OBJC_ISA_USAGE = YES_ERROR;
				CLANG_WARN_EMPTY_BODY = YES;
				CLANG_WARN_ENUM_CONVERSION = YES;
				CLANG_WARN_INT_CONVERSION = YES;
				CLANG_WARN_OBJC_ROOT_CLASS = YES_ERROR;
				CLANG_WARN_UNREACHABLE_CODE = YES;
				CLANG_WARN__DUPLICATE_METHOD_MATCH = YES;
				"CODE_SIGN_IDENTITY[sdk=iphoneos*]" = "iPhone Developer";
				COPY_PHASE_STRIP = NO;
				DEBUG_INFORMATION_FORMAT = "dwarf-with-dsym";
				ENABLE_NS_ASSERTIONS = NO;
				ENABLE_STRICT_OBJC_MSGSEND = YES;
				GCC_C_LANGUAGE_STANDARD = gnu99;
				GCC_NO_COMMON_BLOCKS = YES;
				GCC_WARN_64_TO_32_BIT_CONVERSION = YES;
				GCC_WARN_ABOUT_RETURN_TYPE = YES_ERROR;
				GCC_WARN_UNDECLARED_SELECTOR = YES;
				GCC_WARN_UNINITIALIZED_AUTOS = YES_AGGRESSIVE;
				GCC_WARN_UNUSED_FUNCTION = YES;
				GCC_WARN_UNUSED_VARIABLE = YES;
				IPHONEOS_DEPLOYMENT_TARGET = 9.3;
				MTL_ENABLE_DEBUG_INFO = NO;
				SDKROOT = iphoneos;
				VALIDATE_PRODUCT = YES;
			};
			name = Release;
		};
		54243E0B1D2EE37B00D52103 /* Debug */ = {
			isa = XCBuildConfiguration;
			baseConfigurationReference = 615FC9193A3CE6FC3FF3763E /* Pods-WeatherApp.debug.xcconfig */;
			buildSettings = {
				ALWAYS_SEARCH_USER_PATHS = YES;
				ASSETCATALOG_COMPILER_APPICON_NAME = AppIcon;
				FRAMEWORK_SEARCH_PATHS = (
					"$(inherited)",
					"$(PROJECT_DIR)/build/Release-iphoneos/AFNetworking",
					"$(PROJECT_DIR)/build/Release-iphoneos/HexColors",
					"$(PROJECT_DIR)/build/Release-iphoneos/LBBlurredImage",
					"$(PROJECT_DIR)/build/Release-iphoneos/Mantle",
					"$(PROJECT_DIR)/build/Release-iphoneos/ReactiveCocoa",
					"$(PROJECT_DIR)/build/Release-iphoneos/TSMessages",
				);
				GCC_PRECOMPILE_PREFIX_HEADER = NO;
				GCC_PREFIX_HEADER = "";
				INFOPLIST_FILE = WeatherApp/Info.plist;
				IPHONEOS_DEPLOYMENT_TARGET = 8.0;
				LD_RUNPATH_SEARCH_PATHS = "$(inherited) @executable_path/Frameworks";
				PRODUCT_BUNDLE_IDENTIFIER = com.teknuvo.WeatherApp;
				PRODUCT_NAME = "$(TARGET_NAME)";
			};
			name = Debug;
		};
		54243E0C1D2EE37B00D52103 /* Release */ = {
			isa = XCBuildConfiguration;
			baseConfigurationReference = BFBAA1DE10DBC9131233D587 /* Pods-WeatherApp.release.xcconfig */;
			buildSettings = {
				ALWAYS_SEARCH_USER_PATHS = YES;
				ASSETCATALOG_COMPILER_APPICON_NAME = AppIcon;
				FRAMEWORK_SEARCH_PATHS = (
					"$(inherited)",
					"$(PROJECT_DIR)/build/Release-iphoneos/AFNetworking",
					"$(PROJECT_DIR)/build/Release-iphoneos/HexColors",
					"$(PROJECT_DIR)/build/Release-iphoneos/LBBlurredImage",
					"$(PROJECT_DIR)/build/Release-iphoneos/Mantle",
					"$(PROJECT_DIR)/build/Release-iphoneos/ReactiveCocoa",
					"$(PROJECT_DIR)/build/Release-iphoneos/TSMessages",
				);
				GCC_PRECOMPILE_PREFIX_HEADER = NO;
				GCC_PREFIX_HEADER = "";
				INFOPLIST_FILE = WeatherApp/Info.plist;
				IPHONEOS_DEPLOYMENT_TARGET = 8.0;
				LD_RUNPATH_SEARCH_PATHS = "$(inherited) @executable_path/Frameworks";
				PRODUCT_BUNDLE_IDENTIFIER = com.teknuvo.WeatherApp;
				PRODUCT_NAME = "$(TARGET_NAME)";
			};
			name = Release;
		};
		54243E0E1D2EE37B00D52103 /* Debug */ = {
			isa = XCBuildConfiguration;
			buildSettings = {
				BUNDLE_LOADER = "$(TEST_HOST)";
				INFOPLIST_FILE = WeatherAppTests/Info.plist;
				LD_RUNPATH_SEARCH_PATHS = "$(inherited) @executable_path/Frameworks @loader_path/Frameworks";
				PRODUCT_BUNDLE_IDENTIFIER = com.teknuvo.WeatherAppTests;
				PRODUCT_NAME = "$(TARGET_NAME)";
				TEST_HOST = "$(BUILT_PRODUCTS_DIR)/WeatherApp.app/WeatherApp";
			};
			name = Debug;
		};
		54243E0F1D2EE37B00D52103 /* Release */ = {
			isa = XCBuildConfiguration;
			buildSettings = {
				BUNDLE_LOADER = "$(TEST_HOST)";
				INFOPLIST_FILE = WeatherAppTests/Info.plist;
				LD_RUNPATH_SEARCH_PATHS = "$(inherited) @executable_path/Frameworks @loader_path/Frameworks";
				PRODUCT_BUNDLE_IDENTIFIER = com.teknuvo.WeatherAppTests;
				PRODUCT_NAME = "$(TARGET_NAME)";
				TEST_HOST = "$(BUILT_PRODUCTS_DIR)/WeatherApp.app/WeatherApp";
			};
			name = Release;
		};
		54243E111D2EE37B00D52103 /* Debug */ = {
			isa = XCBuildConfiguration;
			buildSettings = {
				INFOPLIST_FILE = WeatherAppUITests/Info.plist;
				LD_RUNPATH_SEARCH_PATHS = "$(inherited) @executable_path/Frameworks @loader_path/Frameworks";
				PRODUCT_BUNDLE_IDENTIFIER = com.teknuvo.WeatherAppUITests;
				PRODUCT_NAME = "$(TARGET_NAME)";
				TEST_TARGET_NAME = WeatherApp;
			};
			name = Debug;
		};
		54243E121D2EE37B00D52103 /* Release */ = {
			isa = XCBuildConfiguration;
			buildSettings = {
				INFOPLIST_FILE = WeatherAppUITests/Info.plist;
				LD_RUNPATH_SEARCH_PATHS = "$(inherited) @executable_path/Frameworks @loader_path/Frameworks";
				PRODUCT_BUNDLE_IDENTIFIER = com.teknuvo.WeatherAppUITests;
				PRODUCT_NAME = "$(TARGET_NAME)";
				TEST_TARGET_NAME = WeatherApp;
			};
			name = Release;
		};
/* End XCBuildConfiguration section */

/* Begin XCConfigurationList section */
		54243DD81D2EE37B00D52103 /* Build configuration list for PBXProject "WeatherApp" */ = {
			isa = XCConfigurationList;
			buildConfigurations = (
				54243E081D2EE37B00D52103 /* Debug */,
				54243E091D2EE37B00D52103 /* Release */,
			);
			defaultConfigurationIsVisible = 0;
			defaultConfigurationName = Release;
		};
		54243E0A1D2EE37B00D52103 /* Build configuration list for PBXNativeTarget "WeatherApp" */ = {
			isa = XCConfigurationList;
			buildConfigurations = (
				54243E0B1D2EE37B00D52103 /* Debug */,
				54243E0C1D2EE37B00D52103 /* Release */,
			);
			defaultConfigurationIsVisible = 0;
			defaultConfigurationName = Release;
		};
		54243E0D1D2EE37B00D52103 /* Build configuration list for PBXNativeTarget "WeatherAppTests" */ = {
			isa = XCConfigurationList;
			buildConfigurations = (
				54243E0E1D2EE37B00D52103 /* Debug */,
				54243E0F1D2EE37B00D52103 /* Release */,
			);
			defaultConfigurationIsVisible = 0;
			defaultConfigurationName = Release;
		};
		54243E101D2EE37B00D52103 /* Build configuration list for PBXNativeTarget "WeatherAppUITests" */ = {
			isa = XCConfigurationList;
			buildConfigurations = (
				54243E111D2EE37B00D52103 /* Debug */,
				54243E121D2EE37B00D52103 /* Release */,
			);
			defaultConfigurationIsVisible = 0;
			defaultConfigurationName = Release;
		};
/* End XCConfigurationList section */
	};
	rootObject = 54243DD51D2EE37B00D52103 /* Project object */;
}
